// !$*UTF8*$!
{
	archiveVersion = 1;
	classes = {
	};
	objectVersion = 52;
	objects = {

/* Begin PBXBuildFile section */
		83B118582468A46C000D72A0 /* AppDelegate.swift in Sources */ = {isa = PBXBuildFile; fileRef = 83B118572468A46C000D72A0 /* AppDelegate.swift */; };
		83B1185A2468A46C000D72A0 /* SceneDelegate.swift in Sources */ = {isa = PBXBuildFile; fileRef = 83B118592468A46C000D72A0 /* SceneDelegate.swift */; };
		83B1185C2468A46C000D72A0 /* ViewController.swift in Sources */ = {isa = PBXBuildFile; fileRef = 83B1185B2468A46C000D72A0 /* ViewController.swift */; };
		83B1185F2468A46C000D72A0 /* Main.storyboard in Resources */ = {isa = PBXBuildFile; fileRef = 83B1185D2468A46C000D72A0 /* Main.storyboard */; };
		83B118612468A46F000D72A0 /* Assets.xcassets in Resources */ = {isa = PBXBuildFile; fileRef = 83B118602468A46F000D72A0 /* Assets.xcassets */; };
		83B118642468A46F000D72A0 /* LaunchScreen.storyboard in Resources */ = {isa = PBXBuildFile; fileRef = 83B118622468A46F000D72A0 /* LaunchScreen.storyboard */; };
		83B1186C2468A574000D72A0 /* DatosViewController.swift in Sources */ = {isa = PBXBuildFile; fileRef = 83B1186B2468A574000D72A0 /* DatosViewController.swift */; };
		83B1186E2468A60B000D72A0 /* PITouchIDManager.swift in Sources */ = {isa = PBXBuildFile; fileRef = 83B1186D2468A60B000D72A0 /* PITouchIDManager.swift */; };
		83B118702468A621000D72A0 /* AuthenticationViewController.swift in Sources */ = {isa = PBXBuildFile; fileRef = 83B1186F2468A621000D72A0 /* AuthenticationViewController.swift */; };
		83B118732468AEA2000D72A0 /* Kingfisher in Frameworks */ = {isa = PBXBuildFile; productRef = 83B118722468AEA2000D72A0 /* Kingfisher */; };
		83B118752468AF25000D72A0 /* DatosElement.swift in Sources */ = {isa = PBXBuildFile; fileRef = 83B118742468AF25000D72A0 /* DatosElement.swift */; };
		F3D2FE3BDB414A71BC66FC9A /* libPods-Tercer Parcial.a in Frameworks */ = {isa = PBXBuildFile; fileRef = 29B74A45C3674E7E6675BCDA /* libPods-Tercer Parcial.a */; };
/* End PBXBuildFile section */

/* Begin PBXFileReference section */
		29B74A45C3674E7E6675BCDA /* libPods-Tercer Parcial.a */ = {isa = PBXFileReference; explicitFileType = archive.ar; includeInIndex = 0; path = "libPods-Tercer Parcial.a"; sourceTree = BUILT_PRODUCTS_DIR; };
		3B347E4A0EAA172842F1EA9D /* Pods-Tercer Parcial.debug.xcconfig */ = {isa = PBXFileReference; includeInIndex = 1; lastKnownFileType = text.xcconfig; name = "Pods-Tercer Parcial.debug.xcconfig"; path = "Target Support Files/Pods-Tercer Parcial/Pods-Tercer Parcial.debug.xcconfig"; sourceTree = "<group>"; };
		83B118542468A46C000D72A0 /* Tercer Parcial.app */ = {isa = PBXFileReference; explicitFileType = wrapper.application; includeInIndex = 0; path = "Tercer Parcial.app"; sourceTree = BUILT_PRODUCTS_DIR; };
		83B118572468A46C000D72A0 /* AppDelegate.swift */ = {isa = PBXFileReference; lastKnownFileType = sourcecode.swift; path = AppDelegate.swift; sourceTree = "<group>"; };
		83B118592468A46C000D72A0 /* SceneDelegate.swift */ = {isa = PBXFileReference; lastKnownFileType = sourcecode.swift; path = SceneDelegate.swift; sourceTree = "<group>"; };
		83B1185B2468A46C000D72A0 /* ViewController.swift */ = {isa = PBXFileReference; lastKnownFileType = sourcecode.swift; path = ViewController.swift; sourceTree = "<group>"; };
		83B1185E2468A46C000D72A0 /* Base */ = {isa = PBXFileReference; lastKnownFileType = file.storyboard; name = Base; path = Base.lproj/Main.storyboard; sourceTree = "<group>"; };
		83B118602468A46F000D72A0 /* Assets.xcassets */ = {isa = PBXFileReference; lastKnownFileType = folder.assetcatalog; path = Assets.xcassets; sourceTree = "<group>"; };
		83B118632468A46F000D72A0 /* Base */ = {isa = PBXFileReference; lastKnownFileType = file.storyboard; name = Base; path = Base.lproj/LaunchScreen.storyboard; sourceTree = "<group>"; };
		83B118652468A46F000D72A0 /* Info.plist */ = {isa = PBXFileReference; lastKnownFileType = text.plist.xml; path = Info.plist; sourceTree = "<group>"; };
		83B1186B2468A574000D72A0 /* DatosViewController.swift */ = {isa = PBXFileReference; lastKnownFileType = sourcecode.swift; path = DatosViewController.swift; sourceTree = "<group>"; };
		83B1186D2468A60B000D72A0 /* PITouchIDManager.swift */ = {isa = PBXFileReference; fileEncoding = 4; lastKnownFileType = sourcecode.swift; name = PITouchIDManager.swift; path = ../../../Downloads/PITouchIDManager.swift; sourceTree = "<group>"; };
		83B1186F2468A621000D72A0 /* AuthenticationViewController.swift */ = {isa = PBXFileReference; lastKnownFileType = sourcecode.swift; path = AuthenticationViewController.swift; sourceTree = "<group>"; };
		83B118742468AF25000D72A0 /* DatosElement.swift */ = {isa = PBXFileReference; lastKnownFileType = sourcecode.swift; path = DatosElement.swift; sourceTree = "<group>"; };
		9B08898DF9CEF02725667EA5 /* Pods-Tercer Parcial.release.xcconfig */ = {isa = PBXFileReference; includeInIndex = 1; lastKnownFileType = text.xcconfig; name = "Pods-Tercer Parcial.release.xcconfig"; path = "Target Support Files/Pods-Tercer Parcial/Pods-Tercer Parcial.release.xcconfig"; sourceTree = "<group>"; };
/* End PBXFileReference section */

/* Begin PBXFrameworksBuildPhase section */
		83B118512468A46C000D72A0 /* Frameworks */ = {
			isa = PBXFrameworksBuildPhase;
			buildActionMask = 2147483647;
			files = (
				83B118732468AEA2000D72A0 /* Kingfisher in Frameworks */,
				F3D2FE3BDB414A71BC66FC9A /* libPods-Tercer Parcial.a in Frameworks */,
			);
			runOnlyForDeploymentPostprocessing = 0;
		};
/* End PBXFrameworksBuildPhase section */

/* Begin PBXGroup section */
		2586ED493203E13D366D626C /* Frameworks */ = {
			isa = PBXGroup;
			children = (
				29B74A45C3674E7E6675BCDA /* libPods-Tercer Parcial.a */,
			);
			name = Frameworks;
			sourceTree = "<group>";
		};
		83B1184B2468A46C000D72A0 = {
			isa = PBXGroup;
			children = (
				83B118562468A46C000D72A0 /* Tercer Parcial */,
				83B118552468A46C000D72A0 /* Products */,
				D6879F3133BB604F905BBD2B /* Pods */,
				2586ED493203E13D366D626C /* Frameworks */,
			);
			sourceTree = "<group>";
		};
		83B118552468A46C000D72A0 /* Products */ = {
			isa = PBXGroup;
			children = (
				83B118542468A46C000D72A0 /* Tercer Parcial.app */,
			);
			name = Products;
			sourceTree = "<group>";
		};
		83B118562468A46C000D72A0 /* Tercer Parcial */ = {
			isa = PBXGroup;
			children = (
				83B1186D2468A60B000D72A0 /* PITouchIDManager.swift */,
				83B118572468A46C000D72A0 /* AppDelegate.swift */,
				83B118592468A46C000D72A0 /* SceneDelegate.swift */,
				83B1185B2468A46C000D72A0 /* ViewController.swift */,
				83B1185D2468A46C000D72A0 /* Main.storyboard */,
				83B118602468A46F000D72A0 /* Assets.xcassets */,
				83B118622468A46F000D72A0 /* LaunchScreen.storyboard */,
				83B118652468A46F000D72A0 /* Info.plist */,
				83B1186B2468A574000D72A0 /* DatosViewController.swift */,
				83B1186F2468A621000D72A0 /* AuthenticationViewController.swift */,
				83B118742468AF25000D72A0 /* DatosElement.swift */,
			);
			path = "Tercer Parcial";
			sourceTree = "<group>";
		};
		D6879F3133BB604F905BBD2B /* Pods */ = {
			isa = PBXGroup;
			children = (
				3B347E4A0EAA172842F1EA9D /* Pods-Tercer Parcial.debug.xcconfig */,
				9B08898DF9CEF02725667EA5 /* Pods-Tercer Parcial.release.xcconfig */,
			);
			path = Pods;
			sourceTree = "<group>";
		};
/* End PBXGroup section */

/* Begin PBXNativeTarget section */
		83B118532468A46C000D72A0 /* Tercer Parcial */ = {
			isa = PBXNativeTarget;
			buildConfigurationList = 83B118682468A46F000D72A0 /* Build configuration list for PBXNativeTarget "Tercer Parcial" */;
			buildPhases = (
				3D6C40669FAD76A958409BAD /* [CP] Check Pods Manifest.lock */,
				83B118502468A46C000D72A0 /* Sources */,
				83B118512468A46C000D72A0 /* Frameworks */,
				83B118522468A46C000D72A0 /* Resources */,
			);
			buildRules = (
			);
			dependencies = (
			);
			name = "Tercer Parcial";
			packageProductDependencies = (
				83B118722468AEA2000D72A0 /* Kingfisher */,
			);
			productName = "Tercer Parcial";
			productReference = 83B118542468A46C000D72A0 /* Tercer Parcial.app */;
			productType = "com.apple.product-type.application";
		};
/* End PBXNativeTarget section */

/* Begin PBXProject section */
		83B1184C2468A46C000D72A0 /* Project object */ = {
			isa = PBXProject;
			attributes = {
				LastSwiftUpdateCheck = 1130;
				LastUpgradeCheck = 1130;
				ORGANIZATIONNAME = "Christian Calderón";
				TargetAttributes = {
					83B118532468A46C000D72A0 = {
						CreatedOnToolsVersion = 11.3.1;
					};
				};
			};
			buildConfigurationList = 83B1184F2468A46C000D72A0 /* Build configuration list for PBXProject "Tercer Parcial" */;
			compatibilityVersion = "Xcode 9.3";
			developmentRegion = en;
			hasScannedForEncodings = 0;
			knownRegions = (
				en,
				Base,
			);
			mainGroup = 83B1184B2468A46C000D72A0;
			packageReferences = (
				83B118712468AEA2000D72A0 /* XCRemoteSwiftPackageReference "Kingfisher" */,
			);
			productRefGroup = 83B118552468A46C000D72A0 /* Products */;
			projectDirPath = "";
			projectRoot = "";
			targets = (
				83B118532468A46C000D72A0 /* Tercer Parcial */,
			);
		};
/* End PBXProject section */

/* Begin PBXResourcesBuildPhase section */
		83B118522468A46C000D72A0 /* Resources */ = {
			isa = PBXResourcesBuildPhase;
			buildActionMask = 2147483647;
			files = (
				83B118642468A46F000D72A0 /* LaunchScreen.storyboard in Resources */,
				83B118612468A46F000D72A0 /* Assets.xcassets in Resources */,
				83B1185F2468A46C000D72A0 /* Main.storyboard in Resources */,
			);
			runOnlyForDeploymentPostprocessing = 0;
		};
/* End PBXResourcesBuildPhase section */

/* Begin PBXShellScriptBuildPhase section */
		3D6C40669FAD76A958409BAD /* [CP] Check Pods Manifest.lock */ = {
			isa = PBXShellScriptBuildPhase;
			buildActionMask = 2147483647;
			files = (
			);
			inputFileListPaths = (
			);
			inputPaths = (
				"${PODS_PODFILE_DIR_PATH}/Podfile.lock",
				"${PODS_ROOT}/Manifest.lock",
			);
			name = "[CP] Check Pods Manifest.lock";
			outputFileListPaths = (
			);
			outputPaths = (
				"$(DERIVED_FILE_DIR)/Pods-Tercer Parcial-checkManifestLockResult.txt",
			);
			runOnlyForDeploymentPostprocessing = 0;
			shellPath = /bin/sh;
			shellScript = "diff \"${PODS_PODFILE_DIR_PATH}/Podfile.lock\" \"${PODS_ROOT}/Manifest.lock\" > /dev/null\nif [ $? != 0 ] ; then\n    # print error to STDERR\n    echo \"error: The sandbox is not in sync with the Podfile.lock. Run 'pod install' or update your CocoaPods installation.\" >&2\n    exit 1\nfi\n# This output is used by Xcode 'outputs' to avoid re-running this script phase.\necho \"SUCCESS\" > \"${SCRIPT_OUTPUT_FILE_0}\"\n";
			showEnvVarsInLog = 0;
		};
/* End PBXShellScriptBuildPhase section */

/* Begin PBXSourcesBuildPhase section */
		83B118502468A46C000D72A0 /* Sources */ = {
			isa = PBXSourcesBuildPhase;
			buildActionMask = 2147483647;
			files = (
				83B1185C2468A46C000D72A0 /* ViewController.swift in Sources */,
				83B1186E2468A60B000D72A0 /* PITouchIDManager.swift in Sources */,
				83B118582468A46C000D72A0 /* AppDelegate.swift in Sources */,
				83B1186C2468A574000D72A0 /* DatosViewController.swift in Sources */,
				83B118702468A621000D72A0 /* AuthenticationViewController.swift in Sources */,
				83B1185A2468A46C000D72A0 /* SceneDelegate.swift in Sources */,
				83B118752468AF25000D72A0 /* DatosElement.swift in Sources */,
			);
			runOnlyForDeploymentPostprocessing = 0;
		};
/* End PBXSourcesBuildPhase section */

/* Begin PBXVariantGroup section */
		83B1185D2468A46C000D72A0 /* Main.storyboard */ = {
			isa = PBXVariantGroup;
			children = (
				83B1185E2468A46C000D72A0 /* Base */,
			);
			name = Main.storyboard;
			sourceTree = "<group>";
		};
		83B118622468A46F000D72A0 /* LaunchScreen.storyboard */ = {
			isa = PBXVariantGroup;
			children = (
				83B118632468A46F000D72A0 /* Base */,
			);
			name = LaunchScreen.storyboard;
			sourceTree = "<group>";
		};
/* End PBXVariantGroup section */

/* Begin XCBuildConfiguration section */
		83B118662468A46F000D72A0 /* Debug */ = {
			isa = XCBuildConfiguration;
			buildSettings = {
				ALWAYS_SEARCH_USER_PATHS = NO;
				CLANG_ANALYZER_NONNULL = YES;
				CLANG_ANALYZER_NUMBER_OBJECT_CONVERSION = YES_AGGRESSIVE;
				CLANG_CXX_LANGUAGE_STANDARD = "gnu++14";
				CLANG_CXX_LIBRARY = "libc++";
				CLANG_ENABLE_MODULES = YES;
				CLANG_ENABLE_OBJC_ARC = YES;
				CLANG_ENABLE_OBJC_WEAK = YES;
				CLANG_WARN_BLOCK_CAPTURE_AUTORELEASING = YES;
				CLANG_WARN_BOOL_CONVERSION = YES;
				CLANG_WARN_COMMA = YES;
				CLANG_WARN_CONSTANT_CONVERSION = YES;
				CLANG_WARN_DEPRECATED_OBJC_IMPLEMENTATIONS = YES;
				CLANG_WARN_DIRECT_OBJC_ISA_USAGE = YES_ERROR;
				CLANG_WARN_DOCUMENTATION_COMMENTS = YES;
				CLANG_WARN_EMPTY_BODY = YES;
				CLANG_WARN_ENUM_CONVERSION = YES;
				CLANG_WARN_INFINITE_RECURSION = YES;
				CLANG_WARN_INT_CONVERSION = YES;
				CLANG_WARN_NON_LITERAL_NULL_CONVERSION = YES;
				CLANG_WARN_OBJC_IMPLICIT_RETAIN_SELF = YES;
				CLANG_WARN_OBJC_LITERAL_CONVERSION = YES;
				CLANG_WARN_OBJC_ROOT_CLASS = YES_ERROR;
				CLANG_WARN_RANGE_LOOP_ANALYSIS = YES;
				CLANG_WARN_STRICT_PROTOTYPES = YES;
				CLANG_WARN_SUSPICIOUS_MOVE = YES;
				CLANG_WARN_UNGUARDED_AVAILABILITY = YES_AGGRESSIVE;
				CLANG_WARN_UNREACHABLE_CODE = YES;
				CLANG_WARN__DUPLICATE_METHOD_MATCH = YES;
				COPY_PHASE_STRIP = NO;
				DEBUG_INFORMATION_FORMAT = dwarf;
				ENABLE_STRICT_OBJC_MSGSEND = YES;
				ENABLE_TESTABILITY = YES;
				GCC_C_LANGUAGE_STANDARD = gnu11;
				GCC_DYNAMIC_NO_PIC = NO;
				GCC_NO_COMMON_BLOCKS = YES;
				GCC_OPTIMIZATION_LEVEL = 0;
				GCC_PREPROCESSOR_DEFINITIONS = (
					"DEBUG=1",
					"$(inherited)",
				);
				GCC_WARN_64_TO_32_BIT_CONVERSION = YES;
				GCC_WARN_ABOUT_RETURN_TYPE = YES_ERROR;
				GCC_WARN_UNDECLARED_SELECTOR = YES;
				GCC_WARN_UNINITIALIZED_AUTOS = YES_AGGRESSIVE;
				GCC_WARN_UNUSED_FUNCTION = YES;
				GCC_WARN_UNUSED_VARIABLE = YES;
				IPHONEOS_DEPLOYMENT_TARGET = 13.2;
				MTL_ENABLE_DEBUG_INFO = INCLUDE_SOURCE;
				MTL_FAST_MATH = YES;
				ONLY_ACTIVE_ARCH = YES;
				SDKROOT = iphoneos;
				SWIFT_ACTIVE_COMPILATION_CONDITIONS = DEBUG;
				SWIFT_OPTIMIZATION_LEVEL = "-Onone";
			};
			name = Debug;
		};
		83B118672468A46F000D72A0 /* Release */ = {
			isa = XCBuildConfiguration;
			buildSettings = {
				ALWAYS_SEARCH_USER_PATHS = NO;
				CLANG_ANALYZER_NONNULL = YES;
				CLANG_ANALYZER_NUMBER_OBJECT_CONVERSION = YES_AGGRESSIVE;
				CLANG_CXX_LANGUAGE_STANDARD = "gnu++14";
				CLANG_CXX_LIBRARY = "libc++";
				CLANG_ENABLE_MODULES = YES;
				CLANG_ENABLE_OBJC_ARC = YES;
				CLANG_ENABLE_OBJC_WEAK = YES;
				CLANG_WARN_BLOCK_CAPTURE_AUTORELEASING = YES;
				CLANG_WARN_BOOL_CONVERSION = YES;
				CLANG_WARN_COMMA = YES;
				CLANG_WARN_CONSTANT_CONVERSION = YES;
				CLANG_WARN_DEPRECATED_OBJC_IMPLEMENTATIONS = YES;
				CLANG_WARN_DIRECT_OBJC_ISA_USAGE = YES_ERROR;
				CLANG_WARN_DOCUMENTATION_COMMENTS = YES;
				CLANG_WARN_EMPTY_BODY = YES;
				CLANG_WARN_ENUM_CONVERSION = YES;
				CLANG_WARN_INFINITE_RECURSION = YES;
				CLANG_WARN_INT_CONVERSION = YES;
				CLANG_WARN_NON_LITERAL_NULL_CONVERSION = YES;
				CLANG_WARN_OBJC_IMPLICIT_RETAIN_SELF = YES;
				CLANG_WARN_OBJC_LITERAL_CONVERSION = YES;
				CLANG_WARN_OBJC_ROOT_CLASS = YES_ERROR;
				CLANG_WARN_RANGE_LOOP_ANALYSIS = YES;
				CLANG_WARN_STRICT_PROTOTYPES = YES;
				CLANG_WARN_SUSPICIOUS_MOVE = YES;
				CLANG_WARN_UNGUARDED_AVAILABILITY = YES_AGGRESSIVE;
				CLANG_WARN_UNREACHABLE_CODE = YES;
				CLANG_WARN__DUPLICATE_METHOD_MATCH = YES;
				COPY_PHASE_STRIP = NO;
				DEBUG_INFORMATION_FORMAT = "dwarf-with-dsym";
				ENABLE_NS_ASSERTIONS = NO;
				ENABLE_STRICT_OBJC_MSGSEND = YES;
				GCC_C_LANGUAGE_STANDARD = gnu11;
				GCC_NO_COMMON_BLOCKS = YES;
				GCC_WARN_64_TO_32_BIT_CONVERSION = YES;
				GCC_WARN_ABOUT_RETURN_TYPE = YES_ERROR;
				GCC_WARN_UNDECLARED_SELECTOR = YES;
				GCC_WARN_UNINITIALIZED_AUTOS = YES_AGGRESSIVE;
				GCC_WARN_UNUSED_FUNCTION = YES;
				GCC_WARN_UNUSED_VARIABLE = YES;
				IPHONEOS_DEPLOYMENT_TARGET = 13.2;
				MTL_ENABLE_DEBUG_INFO = NO;
				MTL_FAST_MATH = YES;
				SDKROOT = iphoneos;
				SWIFT_COMPILATION_MODE = wholemodule;
				SWIFT_OPTIMIZATION_LEVEL = "-O";
				VALIDATE_PRODUCT = YES;
			};
			name = Release;
		};
		83B118692468A46F000D72A0 /* Debug */ = {
			isa = XCBuildConfiguration;
			baseConfigurationReference = 3B347E4A0EAA172842F1EA9D /* Pods-Tercer Parcial.debug.xcconfig */;
			buildSettings = {
				ASSETCATALOG_COMPILER_APPICON_NAME = AppIcon;
				CODE_SIGN_STYLE = Automatic;
				DEVELOPMENT_TEAM = H97V6H8744;
				INFOPLIST_FILE = "Tercer Parcial/Info.plist";
				LD_RUNPATH_SEARCH_PATHS = (
					"$(inherited)",
					"@executable_path/Frameworks",
				);
				PRODUCT_BUNDLE_IDENTIFIER = "com.chriscalde12.Tercer-Parcial";
				PRODUCT_NAME = "$(TARGET_NAME)";
				SWIFT_VERSION = 5.0;
				TARGETED_DEVICE_FAMILY = "1,2";
			};
			name = Debug;
		};
		83B1186A2468A46F000D72A0 /* Release */ = {
			isa = XCBuildConfiguration;
			baseConfigurationReference = 9B08898DF9CEF02725667EA5 /* Pods-Tercer Parcial.release.xcconfig */;
			buildSettings = {
				ASSETCATALOG_COMPILER_APPICON_NAME = AppIcon;
				CODE_SIGN_STYLE = Automatic;
				DEVELOPMENT_TEAM = H97V6H8744;
				INFOPLIST_FILE = "Tercer Parcial/Info.plist";
				LD_RUNPATH_SEARCH_PATHS = (
					"$(inherited)",
					"@executable_path/Frameworks",
				);
				PRODUCT_BUNDLE_IDENTIFIER = "com.chriscalde12.Tercer-Parcial";
				PRODUCT_NAME = "$(TARGET_NAME)";
				SWIFT_VERSION = 5.0;
				TARGETED_DEVICE_FAMILY = "1,2";
			};
			name = Release;
		};
/* End XCBuildConfiguration section */

/* Begin XCConfigurationList section */
		83B1184F2468A46C000D72A0 /* Build configuration list for PBXProject "Tercer Parcial" */ = {
			isa = XCConfigurationList;
			buildConfigurations = (
				83B118662468A46F000D72A0 /* Debug */,
				83B118672468A46F000D72A0 /* Release */,
			);
			defaultConfigurationIsVisible = 0;
			defaultConfigurationName = Release;
		};
		83B118682468A46F000D72A0 /* Build configuration list for PBXNativeTarget "Tercer Parcial" */ = {
			isa = XCConfigurationList;
			buildConfigurations = (
				83B118692468A46F000D72A0 /* Debug */,
				83B1186A2468A46F000D72A0 /* Release */,
			);
			defaultConfigurationIsVisible = 0;
			defaultConfigurationName = Release;
		};
/* End XCConfigurationList section */

/* Begin XCRemoteSwiftPackageReference section */
		83B118712468AEA2000D72A0 /* XCRemoteSwiftPackageReference "Kingfisher" */ = {
			isa = XCRemoteSwiftPackageReference;
			repositoryURL = "https://github.com/onevcat/Kingfisher.git";
			requirement = {
				kind = upToNextMajorVersion;
				minimumVersion = 5.13.4;
			};
		};
/* End XCRemoteSwiftPackageReference section */

/* Begin XCSwiftPackageProductDependency section */
		83B118722468AEA2000D72A0 /* Kingfisher */ = {
			isa = XCSwiftPackageProductDependency;
			package = 83B118712468AEA2000D72A0 /* XCRemoteSwiftPackageReference "Kingfisher" */;
			productName = Kingfisher;
		};
/* End XCSwiftPackageProductDependency section */
	};
	rootObject = 83B1184C2468A46C000D72A0 /* Project object */;
}
